
Microsoft Visual Studio Solution File, Format Version 12.00
# Visual Studio Version 16
VisualStudioVersion = 16.0.31112.23
MinimumVisualStudioVersion = 10.0.40219.1
Project("{9A19103F-16F7-4668-BE54-9A1E7A4F7556}") = "app1", "app1\app1.csproj", "{BCBCB42A-C7F7-473A-AF83-BBF08D042E71}"
EndProject
Global
	GlobalSection(SolutionConfigurationPlatforms) = preSolution
		Debug|Any CPU = Debug|Any CPU
		Release|Any CPU = Release|Any CPU
	EndGlobalSection
	GlobalSection(ProjectConfigurationPlatforms) = postSolution
		{BCBCB42A-C7F7-473A-AF83-BBF08D042E71}.Debug|Any CPU.ActiveCfg = Debug|Any CPU
		{BCBCB42A-C7F7-473A-AF83-BBF08D042E71}.Debug|Any CPU.Build.0 = Debug|Any CPU
		{BCBCB42A-C7F7-473A-AF83-BBF08D042E71}.Release|Any CPU.ActiveCfg = Release|Any CPU
		{BCBCB42A-C7F7-473A-AF83-BBF08D042E71}.Release|Any CPU.Build.0 = Release|Any CPU
	EndGlobalSection
	GlobalSection(SolutionProperties) = preSolution
		HideSolutionNode = FALSE
	EndGlobalSection
	GlobalSection(ExtensibilityGlobals) = postSolution
		SolutionGuid = {D9B9419A-BFD6-464A-8EE6-0E9CF4D70040}
	EndGlobalSection
EndGlobal
